{
  "pins" : [
    {
      "identity" : "api-service",
      "kind" : "remoteSourceControl",
      "location" : "https://github.com/see-d/API-Service.git",
      "state" : {
        "revision" : "e99cf232a79d13e8841cb7fb7e9fd393c9a4eb88",
        "version" : "1.0.1"
      }
    },
    {
      "identity" : "events-list",
      "kind" : "remoteSourceControl",
      "location" : "https://github.com/see-d/Events-List.git",
      "state" : {
        "branch" : "main",
        "revision" : "6b11826314e418365735c3078542d91d60715646"
      }
    }
  ],
  "version" : 2
}
