{
  "pins" : [
    {
      "identity" : "api-service",
      "kind" : "remoteSourceControl",
      "location" : "https://github.com/see-d/API-Service.git",
      "state" : {
        "revision" : "d1bb3c72741c06a0e0a43c3b815305790d077c6a",
        "version" : "1.0.2"
      }
    },
    {
      "identity" : "events-list",
      "kind" : "remoteSourceControl",
      "location" : "https://github.com/see-d/Events-List.git",
      "state" : {
        "branch" : "main",
        "revision" : "6ecea79df5d6bf3f8ef3bc30b4041f3ba211e904"
      }
    }
  ],
  "version" : 2
}
